
Microsoft Visual Studio Solution File, Format Version 12.00
# Visual Studio 14
VisualStudioVersion = 14.0.25420.1
MinimumVisualStudioVersion = 10.0.40219.1
Project("{FAE04EC0-301F-11D3-BF4B-00C04F79EFBC}") = "ForceFeedback.Setup", "ForceFeedback.Setup\ForceFeedback.Setup.csproj", "{58A53B3C-D2FA-4202-BADB-CBA52E9BA47B}"
EndProject
Project("{FAE04EC0-301F-11D3-BF4B-00C04F79EFBC}") = "ForceFeedback.Rules", "ForceFeedback.Rules\ForceFeedback.Rules.csproj", "{682A063E-2DE4-44FF-8C89-99341C955949}"
EndProject
Project("{2150E333-8FDC-42A3-9474-1A3956D46DE8}") = "Tests", "Tests", "{4636D57D-241D-4CC0-B8ED-91224E1CEFEA}"
EndProject
Project("{FAE04EC0-301F-11D3-BF4B-00C04F79EFBC}") = "ForceFeedback.Rules.Tests", "ForceFeedback.Rules.Tests\ForceFeedback.Rules.Tests.csproj", "{2787FD4C-8A05-485F-980F-F25E844216F6}"
EndProject
Global
	GlobalSection(SolutionConfigurationPlatforms) = preSolution
		Debug|Any CPU = Debug|Any CPU
		Debug|x86 = Debug|x86
		Release|Any CPU = Release|Any CPU
		Release|x86 = Release|x86
	EndGlobalSection
	GlobalSection(ProjectConfigurationPlatforms) = postSolution
		{58A53B3C-D2FA-4202-BADB-CBA52E9BA47B}.Debug|Any CPU.ActiveCfg = Debug|Any CPU
		{58A53B3C-D2FA-4202-BADB-CBA52E9BA47B}.Debug|Any CPU.Build.0 = Debug|Any CPU
		{58A53B3C-D2FA-4202-BADB-CBA52E9BA47B}.Debug|x86.ActiveCfg = Debug|x86
		{58A53B3C-D2FA-4202-BADB-CBA52E9BA47B}.Debug|x86.Build.0 = Debug|x86
		{58A53B3C-D2FA-4202-BADB-CBA52E9BA47B}.Release|Any CPU.ActiveCfg = Release|Any CPU
		{58A53B3C-D2FA-4202-BADB-CBA52E9BA47B}.Release|Any CPU.Build.0 = Release|Any CPU
		{58A53B3C-D2FA-4202-BADB-CBA52E9BA47B}.Release|x86.ActiveCfg = Release|x86
		{58A53B3C-D2FA-4202-BADB-CBA52E9BA47B}.Release|x86.Build.0 = Release|x86
		{682A063E-2DE4-44FF-8C89-99341C955949}.Debug|Any CPU.ActiveCfg = Debug|Any CPU
		{682A063E-2DE4-44FF-8C89-99341C955949}.Debug|Any CPU.Build.0 = Debug|Any CPU
		{682A063E-2DE4-44FF-8C89-99341C955949}.Debug|x86.ActiveCfg = Debug|x86
		{682A063E-2DE4-44FF-8C89-99341C955949}.Debug|x86.Build.0 = Debug|x86
		{682A063E-2DE4-44FF-8C89-99341C955949}.Release|Any CPU.ActiveCfg = Release|Any CPU
		{682A063E-2DE4-44FF-8C89-99341C955949}.Release|Any CPU.Build.0 = Release|Any CPU
		{682A063E-2DE4-44FF-8C89-99341C955949}.Release|x86.ActiveCfg = Release|x86
		{682A063E-2DE4-44FF-8C89-99341C955949}.Release|x86.Build.0 = Release|x86
		{2787FD4C-8A05-485F-980F-F25E844216F6}.Debug|Any CPU.ActiveCfg = Debug|Any CPU
		{2787FD4C-8A05-485F-980F-F25E844216F6}.Debug|Any CPU.Build.0 = Debug|Any CPU
		{2787FD4C-8A05-485F-980F-F25E844216F6}.Debug|x86.ActiveCfg = Debug|Any CPU
		{2787FD4C-8A05-485F-980F-F25E844216F6}.Debug|x86.Build.0 = Debug|Any CPU
		{2787FD4C-8A05-485F-980F-F25E844216F6}.Release|Any CPU.ActiveCfg = Release|Any CPU
		{2787FD4C-8A05-485F-980F-F25E844216F6}.Release|Any CPU.Build.0 = Release|Any CPU
		{2787FD4C-8A05-485F-980F-F25E844216F6}.Release|x86.ActiveCfg = Release|Any CPU
		{2787FD4C-8A05-485F-980F-F25E844216F6}.Release|x86.Build.0 = Release|Any CPU
	EndGlobalSection
	GlobalSection(SolutionProperties) = preSolution
		HideSolutionNode = FALSE
	EndGlobalSection
	GlobalSection(NestedProjects) = preSolution
		{2787FD4C-8A05-485F-980F-F25E844216F6} = {4636D57D-241D-4CC0-B8ED-91224E1CEFEA}
	EndGlobalSection
EndGlobal
